
Microsoft Visual Studio Solution File, Format Version 12.00
# Visual Studio Version 18
VisualStudioVersion = 18.2.11415.280
MinimumVisualStudioVersion = 10.0.40219.1
Project("{FAE04EC0-301F-11D3-BF4B-00C04F79EFBC}") = "MonitorService", "MonitorService\MonitorService.csproj", "{873B0637-FD32-40E1-9D1E-95763226E6B5}"
EndProject
Project("{FAE04EC0-301F-11D3-BF4B-00C04F79EFBC}") = "ScreenshotHelper", "ScreenshotHelper\ScreenshotHelper.csproj", "{E225392E-B311-4C0E-9532-33C48A141444}"
EndProject
Project("{FAE04EC0-301F-11D3-BF4B-00C04F79EFBC}") = "MonitorInstaller", "MonitorInstaller\MonitorInstaller.csproj", "{A947EC3A-1400-44B2-89E5-45EB1C51F805}"
EndProject
Global
	GlobalSection(SolutionConfigurationPlatforms) = preSolution
		Debug|Any CPU = Debug|Any CPU
		Release|Any CPU = Release|Any CPU
	EndGlobalSection
	GlobalSection(ProjectConfigurationPlatforms) = postSolution
		{873B0637-FD32-40E1-9D1E-95763226E6B5}.Debug|Any CPU.ActiveCfg = Debug|Any CPU
		{873B0637-FD32-40E1-9D1E-95763226E6B5}.Debug|Any CPU.Build.0 = Debug|Any CPU
		{873B0637-FD32-40E1-9D1E-95763226E6B5}.Release|Any CPU.ActiveCfg = Release|Any CPU
		{873B0637-FD32-40E1-9D1E-95763226E6B5}.Release|Any CPU.Build.0 = Release|Any CPU
		{E225392E-B311-4C0E-9532-33C48A141444}.Debug|Any CPU.ActiveCfg = Debug|Any CPU
		{E225392E-B311-4C0E-9532-33C48A141444}.Debug|Any CPU.Build.0 = Debug|Any CPU
		{E225392E-B311-4C0E-9532-33C48A141444}.Release|Any CPU.ActiveCfg = Release|Any CPU
		{E225392E-B311-4C0E-9532-33C48A141444}.Release|Any CPU.Build.0 = Release|Any CPU
		{A947EC3A-1400-44B2-89E5-45EB1C51F805}.Debug|Any CPU.ActiveCfg = Debug|Any CPU
		{A947EC3A-1400-44B2-89E5-45EB1C51F805}.Debug|Any CPU.Build.0 = Debug|Any CPU
		{A947EC3A-1400-44B2-89E5-45EB1C51F805}.Release|Any CPU.ActiveCfg = Release|Any CPU
		{A947EC3A-1400-44B2-89E5-45EB1C51F805}.Release|Any CPU.Build.0 = Release|Any CPU
	EndGlobalSection
	GlobalSection(SolutionProperties) = preSolution
		HideSolutionNode = FALSE
	EndGlobalSection
	GlobalSection(ExtensibilityGlobals) = postSolution
		SolutionGuid = {296A10D6-C1FF-4672-BA83-8C842CE7D593}
	EndGlobalSection
EndGlobal
